<?xml version="1.0" encoding="utf-8"?>
<Project ToolsVersion="4.0" xmlns="http://schemas.microsoft.com/developer/msbuild/2003">
  <ItemGroup>
    <Filter Include="Pliki źródłowe">
      <UniqueIdentifier>{4FC737F1-C7A5-4376-A066-2A32D752A2FF}</UniqueIdentifier>
      <Extensions>cpp;c;cc;cxx;c++;cppm;ixx;def;odl;idl;hpj;bat;asm;asmx</Extensions>
    </Filter>
    <Filter Include="Pliki nagłówkowe">
      <UniqueIdentifier>{93995380-89BD-4b04-88EB-625FBE52EBFB}</UniqueIdentifier>
      <Extensions>h;hh;hpp;hxx;h++;hm;inl;inc;ipp;xsd</Extensions>
    </Filter>
    <Filter Include="Pliki zasobów">
      <UniqueIdentifier>{67DA6AB6-F800-4c08-8B7A-83BB121AAD01}</UniqueIdentifier>
      <Extensions>rc;ico;cur;bmp;dlg;rc2;rct;bin;rgs;gif;jpg;jpeg;jpe;resx;tiff;tif;png;wav;mfcribbon-ms</Extensions>
    </Filter>
    <Filter Include="Pliki nagłówkowe\layers_headers">
      <UniqueIdentifier>{2aaa0dbd-a20c-45b6-8bec-484d714ad076}</UniqueIdentifier>
    </Filter>
    <Filter Include="Pliki źródłowe\Layers_cpp">
      <UniqueIdentifier>{09f89630-0a45-4337-a76a-53f3851ef8d5}</UniqueIdentifier>
    </Filter>
  </ItemGroup>
  <ItemGroup>
    <ClInclude Include="Data.h">
      <Filter>Pliki nagłówkowe</Filter>
    </ClInclude>
    <ClInclude Include="Neuron.h">
      <Filter>Pliki nagłówkowe</Filter>
    </ClInclude>
    <ClInclude Include="NeuronNetwork.h">
      <Filter>Pliki nagłówkowe</Filter>
    </ClInclude>
    <ClInclude Include="HiddenLayer.h">
      <Filter>Pliki nagłówkowe\layers_headers</Filter>
    </ClInclude>
    <ClInclude Include="InputLayer.h">
      <Filter>Pliki nagłówkowe\layers_headers</Filter>
    </ClInclude>
    <ClInclude Include="OutputLayer.h">
      <Filter>Pliki nagłówkowe\layers_headers</Filter>
    </ClInclude>
    <ClInclude Include="CommonData.h">
      <Filter>Pliki nagłówkowe</Filter>
    </ClInclude>
    <ClInclude Include="Data_hendler.h">
      <Filter>Pliki nagłówkowe</Filter>
    </ClInclude>
    <ClInclude Include="Layer.h">
      <Filter>Pliki nagłówkowe\layers_headers</Filter>
    </ClInclude>
    <ClInclude Include="CSV_data_handler.h">
      <Filter>Pliki nagłówkowe</Filter>
    </ClInclude>
    <ClInclude Include="MNIST_data_handler.h">
      <Filter>Pliki nagłówkowe</Filter>
    </ClInclude>
  </ItemGroup>
  <ItemGroup>
    <ClCompile Include="Data.cpp">
      <Filter>Pliki źródłowe</Filter>
    </ClCompile>
    <ClCompile Include="Data_hendler.cpp">
      <Filter>Pliki źródłowe</Filter>
    </ClCompile>
    <ClCompile Include="start.cpp">
      <Filter>Pliki źródłowe</Filter>
    </ClCompile>
    <ClCompile Include="Neuron.cpp">
      <Filter>Pliki źródłowe</Filter>
    </ClCompile>
    <ClCompile Include="NeuronNetwork.cpp">
      <Filter>Pliki źródłowe</Filter>
    </ClCompile>
    <ClCompile Include="OutputLayer.cpp">
      <Filter>Pliki źródłowe\Layers_cpp</Filter>
    </ClCompile>
    <ClCompile Include="InputLayer.cpp">
      <Filter>Pliki źródłowe\Layers_cpp</Filter>
    </ClCompile>
    <ClCompile Include="HiddenLayer.cpp">
      <Filter>Pliki źródłowe\Layers_cpp</Filter>
    </ClCompile>
    <ClCompile Include="Layer.cpp">
      <Filter>Pliki źródłowe\Layers_cpp</Filter>
    </ClCompile>
    <ClCompile Include="CommonData.cpp">
      <Filter>Pliki źródłowe</Filter>
    </ClCompile>
    <ClCompile Include="CSV_data_handler.cpp">
      <Filter>Pliki źródłowe</Filter>
    </ClCompile>
    <ClCompile Include="MNIST_data_handler.cpp">
      <Filter>Pliki źródłowe</Filter>
    </ClCompile>
  </ItemGroup>
</Project>